// !$*UTF8*$!
{
	archiveVersion = 1;
	classes = {
	};
	objectVersion = 63;
	objects = {

/* Begin PBXBuildFile section */
		181EBB98F435F3A937A52BCC /* Pods_CocoaMQTTApp.framework in Frameworks */ = {isa = PBXBuildFile; fileRef = FD5D61A99B6829CD75836049 /* Pods_CocoaMQTTApp.framework */; };
		A33AB0E92CBF574E0006A980 /* CocoaMQTTAppApp.swift in Sources */ = {isa = PBXBuildFile; fileRef = A33AB0E62CBF574E0006A980 /* CocoaMQTTAppApp.swift */; };
		A33AB0EA2CBF574E0006A980 /* ContentView.swift in Sources */ = {isa = PBXBuildFile; fileRef = A33AB0E72CBF574E0006A980 /* ContentView.swift */; };
		A33AB0EB2CBF574E0006A980 /* Preview Assets.xcassets in Resources */ = {isa = PBXBuildFile; fileRef = A33AB0E32CBF574E0006A980 /* Preview Assets.xcassets */; };
		A33AB0EC2CBF574E0006A980 /* Assets.xcassets in Resources */ = {isa = PBXBuildFile; fileRef = A33AB0E52CBF574E0006A980 /* Assets.xcassets */; };
		A33AB0F52CBF67180006A980 /* MQTTManager.swift in Sources */ = {isa = PBXBuildFile; fileRef = A33AB0F42CBF67180006A980 /* MQTTManager.swift */; };
		A33AB0FC2CBF79A50006A980 /* client.der in Resources */ = {isa = PBXBuildFile; fileRef = A33AB0FA2CBF79A50006A980 /* client.der */; };
		A33AB0FD2CBF79A50006A980 /* client.p12 in Resources */ = {isa = PBXBuildFile; fileRef = A33AB0FB2CBF79A50006A980 /* client.p12 */; };
/* End PBXBuildFile section */

/* Begin PBXFileReference section */
		1E750EB9667ABB3F15FF7119 /* Pods-CocoaMQTTApp.release.xcconfig */ = {isa = PBXFileReference; includeInIndex = 1; lastKnownFileType = text.xcconfig; name = "Pods-CocoaMQTTApp.release.xcconfig"; path = "Target Support Files/Pods-CocoaMQTTApp/Pods-CocoaMQTTApp.release.xcconfig"; sourceTree = "<group>"; };
		343E1422E7CE004A05A984C3 /* Pods-CocoaMQTTApp.debug.xcconfig */ = {isa = PBXFileReference; includeInIndex = 1; lastKnownFileType = text.xcconfig; name = "Pods-CocoaMQTTApp.debug.xcconfig"; path = "Target Support Files/Pods-CocoaMQTTApp/Pods-CocoaMQTTApp.debug.xcconfig"; sourceTree = "<group>"; };
		A33AB0D22CBF57470006A980 /* CocoaMQTTApp.app */ = {isa = PBXFileReference; explicitFileType = wrapper.application; includeInIndex = 0; path = CocoaMQTTApp.app; sourceTree = BUILT_PRODUCTS_DIR; };
		A33AB0E32CBF574E0006A980 /* Preview Assets.xcassets */ = {isa = PBXFileReference; lastKnownFileType = folder.assetcatalog; path = "Preview Assets.xcassets"; sourceTree = "<group>"; };
		A33AB0E52CBF574E0006A980 /* Assets.xcassets */ = {isa = PBXFileReference; lastKnownFileType = folder.assetcatalog; path = Assets.xcassets; sourceTree = "<group>"; };
		A33AB0E62CBF574E0006A980 /* CocoaMQTTAppApp.swift */ = {isa = PBXFileReference; lastKnownFileType = sourcecode.swift; path = CocoaMQTTAppApp.swift; sourceTree = "<group>"; };
		A33AB0E72CBF574E0006A980 /* ContentView.swift */ = {isa = PBXFileReference; lastKnownFileType = sourcecode.swift; path = ContentView.swift; sourceTree = "<group>"; };
		A33AB0F42CBF67180006A980 /* MQTTManager.swift */ = {isa = PBXFileReference; lastKnownFileType = sourcecode.swift; path = MQTTManager.swift; sourceTree = "<group>"; };
		A33AB0FA2CBF79A50006A980 /* client.der */ = {isa = PBXFileReference; lastKnownFileType = file; path = client.der; sourceTree = "<group>"; };
		A33AB0FB2CBF79A50006A980 /* client.p12 */ = {isa = PBXFileReference; lastKnownFileType = file; path = client.p12; sourceTree = "<group>"; };
		FD5D61A99B6829CD75836049 /* Pods_CocoaMQTTApp.framework */ = {isa = PBXFileReference; explicitFileType = wrapper.framework; includeInIndex = 0; path = Pods_CocoaMQTTApp.framework; sourceTree = BUILT_PRODUCTS_DIR; };
/* End PBXFileReference section */

/* Begin PBXFrameworksBuildPhase section */
		A33AB0CF2CBF57470006A980 /* Frameworks */ = {
			isa = PBXFrameworksBuildPhase;
			buildActionMask = 2147483647;
			files = (
				181EBB98F435F3A937A52BCC /* Pods_CocoaMQTTApp.framework in Frameworks */,
			);
			runOnlyForDeploymentPostprocessing = 0;
		};
/* End PBXFrameworksBuildPhase section */

/* Begin PBXGroup section */
		A33AB0C92CBF57470006A980 = {
			isa = PBXGroup;
			children = (
				A33AB0E82CBF574E0006A980 /* CocoaMQTTApp */,
				A33AB0D32CBF57470006A980 /* Products */,
				B787992A7F0EE640D09E69F6 /* Pods */,
				BB5AC92D8A2CE7993BFEE349 /* Frameworks */,
			);
			sourceTree = "<group>";
		};
		A33AB0D32CBF57470006A980 /* Products */ = {
			isa = PBXGroup;
			children = (
				A33AB0D22CBF57470006A980 /* CocoaMQTTApp.app */,
			);
			name = Products;
			sourceTree = "<group>";
		};
		A33AB0E42CBF574E0006A980 /* Preview Content */ = {
			isa = PBXGroup;
			children = (
				A33AB0E32CBF574E0006A980 /* Preview Assets.xcassets */,
			);
			path = "Preview Content";
			sourceTree = "<group>";
		};
		A33AB0E82CBF574E0006A980 /* CocoaMQTTApp */ = {
			isa = PBXGroup;
			children = (
				A33AB0FA2CBF79A50006A980 /* client.der */,
				A33AB0FB2CBF79A50006A980 /* client.p12 */,
				A33AB0E42CBF574E0006A980 /* Preview Content */,
				A33AB0E52CBF574E0006A980 /* Assets.xcassets */,
				A33AB0E62CBF574E0006A980 /* CocoaMQTTAppApp.swift */,
				A33AB0E72CBF574E0006A980 /* ContentView.swift */,
				A33AB0F42CBF67180006A980 /* MQTTManager.swift */,
			);
			path = CocoaMQTTApp;
			sourceTree = "<group>";
		};
		B787992A7F0EE640D09E69F6 /* Pods */ = {
			isa = PBXGroup;
			children = (
				343E1422E7CE004A05A984C3 /* Pods-CocoaMQTTApp.debug.xcconfig */,
				1E750EB9667ABB3F15FF7119 /* Pods-CocoaMQTTApp.release.xcconfig */,
			);
			path = Pods;
			sourceTree = "<group>";
		};
		BB5AC92D8A2CE7993BFEE349 /* Frameworks */ = {
			isa = PBXGroup;
			children = (
				FD5D61A99B6829CD75836049 /* Pods_CocoaMQTTApp.framework */,
			);
			name = Frameworks;
			sourceTree = "<group>";
		};
/* End PBXGroup section */

/* Begin PBXNativeTarget section */
		A33AB0D12CBF57470006A980 /* CocoaMQTTApp */ = {
			isa = PBXNativeTarget;
			buildConfigurationList = A33AB0E02CBF57490006A980 /* Build configuration list for PBXNativeTarget "CocoaMQTTApp" */;
			buildPhases = (
				8B221FD10F14972D1E616868 /* [CP] Check Pods Manifest.lock */,
				A33AB0CE2CBF57470006A980 /* Sources */,
				A33AB0CF2CBF57470006A980 /* Frameworks */,
				A33AB0D02CBF57470006A980 /* Resources */,
				64B12DE843CE3EE16DEAB833 /* [CP] Embed Pods Frameworks */,
			);
			buildRules = (
			);
			dependencies = (
			);
			name = CocoaMQTTApp;
			productName = CocoaMQTTApp;
			productReference = A33AB0D22CBF57470006A980 /* CocoaMQTTApp.app */;
			productType = "com.apple.product-type.application";
		};
/* End PBXNativeTarget section */

/* Begin PBXProject section */
		A33AB0CA2CBF57470006A980 /* Project object */ = {
			isa = PBXProject;
			attributes = {
				BuildIndependentTargetsInParallel = 1;
				LastSwiftUpdateCheck = 1600;
				LastUpgradeCheck = 1600;
				TargetAttributes = {
					A33AB0D12CBF57470006A980 = {
						CreatedOnToolsVersion = 16.0;
					};
				};
			};
			buildConfigurationList = A33AB0CD2CBF57470006A980 /* Build configuration list for PBXProject "CocoaMQTTApp" */;
			compatibilityVersion = "Xcode 15.0";
			developmentRegion = en;
			hasScannedForEncodings = 0;
			knownRegions = (
				en,
				Base,
			);
			mainGroup = A33AB0C92CBF57470006A980;
			minimizedProjectReferenceProxies = 1;
			productRefGroup = A33AB0D32CBF57470006A980 /* Products */;
			projectDirPath = "";
			projectRoot = "";
			targets = (
				A33AB0D12CBF57470006A980 /* CocoaMQTTApp */,
			);
		};
/* End PBXProject section */

/* Begin PBXResourcesBuildPhase section */
		A33AB0D02CBF57470006A980 /* Resources */ = {
			isa = PBXResourcesBuildPhase;
			buildActionMask = 2147483647;
			files = (
				A33AB0EB2CBF574E0006A980 /* Preview Assets.xcassets in Resources */,
				A33AB0FC2CBF79A50006A980 /* client.der in Resources */,
				A33AB0FD2CBF79A50006A980 /* client.p12 in Resources */,
				A33AB0EC2CBF574E0006A980 /* Assets.xcassets in Resources */,
			);
			runOnlyForDeploymentPostprocessing = 0;
		};
/* End PBXResourcesBuildPhase section */

/* Begin PBXShellScriptBuildPhase section */
		64B12DE843CE3EE16DEAB833 /* [CP] Embed Pods Frameworks */ = {
			isa = PBXShellScriptBuildPhase;
			buildActionMask = 2147483647;
			files = (
			);
			inputFileListPaths = (
				"${PODS_ROOT}/Target Support Files/Pods-CocoaMQTTApp/Pods-CocoaMQTTApp-frameworks-${CONFIGURATION}-input-files.xcfilelist",
			);
			name = "[CP] Embed Pods Frameworks";
			outputFileListPaths = (
				"${PODS_ROOT}/Target Support Files/Pods-CocoaMQTTApp/Pods-CocoaMQTTApp-frameworks-${CONFIGURATION}-output-files.xcfilelist",
			);
			runOnlyForDeploymentPostprocessing = 0;
			shellPath = /bin/sh;
			shellScript = "\"${PODS_ROOT}/Target Support Files/Pods-CocoaMQTTApp/Pods-CocoaMQTTApp-frameworks.sh\"\n";
			showEnvVarsInLog = 0;
		};
		8B221FD10F14972D1E616868 /* [CP] Check Pods Manifest.lock */ = {
			isa = PBXShellScriptBuildPhase;
			buildActionMask = 2147483647;
			files = (
			);
			inputFileListPaths = (
			);
			inputPaths = (
				"${PODS_PODFILE_DIR_PATH}/Podfile.lock",
				"${PODS_ROOT}/Manifest.lock",
			);
			name = "[CP] Check Pods Manifest.lock";
			outputFileListPaths = (
			);
			outputPaths = (
				"$(DERIVED_FILE_DIR)/Pods-CocoaMQTTApp-checkManifestLockResult.txt",
			);
			runOnlyForDeploymentPostprocessing = 0;
			shellPath = /bin/sh;
			shellScript = "diff \"${PODS_PODFILE_DIR_PATH}/Podfile.lock\" \"${PODS_ROOT}/Manifest.lock\" > /dev/null\nif [ $? != 0 ] ; then\n    # print error to STDERR\n    echo \"error: The sandbox is not in sync with the Podfile.lock. Run 'pod install' or update your CocoaPods installation.\" >&2\n    exit 1\nfi\n# This output is used by Xcode 'outputs' to avoid re-running this script phase.\necho \"SUCCESS\" > \"${SCRIPT_OUTPUT_FILE_0}\"\n";
			showEnvVarsInLog = 0;
		};
/* End PBXShellScriptBuildPhase section */

/* Begin PBXSourcesBuildPhase section */
		A33AB0CE2CBF57470006A980 /* Sources */ = {
			isa = PBXSourcesBuildPhase;
			buildActionMask = 2147483647;
			files = (
				A33AB0E92CBF574E0006A980 /* CocoaMQTTAppApp.swift in Sources */,
				A33AB0F52CBF67180006A980 /* MQTTManager.swift in Sources */,
				A33AB0EA2CBF574E0006A980 /* ContentView.swift in Sources */,
			);
			runOnlyForDeploymentPostprocessing = 0;
		};
/* End PBXSourcesBuildPhase section */

/* Begin XCBuildConfiguration section */
		A33AB0DE2CBF57490006A980 /* Debug */ = {
			isa = XCBuildConfiguration;
			buildSettings = {
				ALWAYS_SEARCH_USER_PATHS = NO;
				ASSETCATALOG_COMPILER_GENERATE_SWIFT_ASSET_SYMBOL_EXTENSIONS = YES;
				CLANG_ANALYZER_NONNULL = YES;
				CLANG_ANALYZER_NUMBER_OBJECT_CONVERSION = YES_AGGRESSIVE;
				CLANG_CXX_LANGUAGE_STANDARD = "gnu++20";
				CLANG_ENABLE_MODULES = YES;
				CLANG_ENABLE_OBJC_ARC = YES;
				CLANG_ENABLE_OBJC_WEAK = YES;
				CLANG_WARN_BLOCK_CAPTURE_AUTORELEASING = YES;
				CLANG_WARN_BOOL_CONVERSION = YES;
				CLANG_WARN_COMMA = YES;
				CLANG_WARN_CONSTANT_CONVERSION = YES;
				CLANG_WARN_DEPRECATED_OBJC_IMPLEMENTATIONS = YES;
				CLANG_WARN_DIRECT_OBJC_ISA_USAGE = YES_ERROR;
				CLANG_WARN_DOCUMENTATION_COMMENTS = YES;
				CLANG_WARN_EMPTY_BODY = YES;
				CLANG_WARN_ENUM_CONVERSION = YES;
				CLANG_WARN_INFINITE_RECURSION = YES;
				CLANG_WARN_INT_CONVERSION = YES;
				CLANG_WARN_NON_LITERAL_NULL_CONVERSION = YES;
				CLANG_WARN_OBJC_IMPLICIT_RETAIN_SELF = YES;
				CLANG_WARN_OBJC_LITERAL_CONVERSION = YES;
				CLANG_WARN_OBJC_ROOT_CLASS = YES_ERROR;
				CLANG_WARN_QUOTED_INCLUDE_IN_FRAMEWORK_HEADER = YES;
				CLANG_WARN_RANGE_LOOP_ANALYSIS = YES;
				CLANG_WARN_STRICT_PROTOTYPES = YES;
				CLANG_WARN_SUSPICIOUS_MOVE = YES;
				CLANG_WARN_UNGUARDED_AVAILABILITY = YES_AGGRESSIVE;
				CLANG_WARN_UNREACHABLE_CODE = YES;
				CLANG_WARN__DUPLICATE_METHOD_MATCH = YES;
				COPY_PHASE_STRIP = NO;
				DEBUG_INFORMATION_FORMAT = dwarf;
				ENABLE_STRICT_OBJC_MSGSEND = YES;
				ENABLE_TESTABILITY = YES;
				ENABLE_USER_SCRIPT_SANDBOXING = YES;
				GCC_C_LANGUAGE_STANDARD = gnu17;
				GCC_DYNAMIC_NO_PIC = NO;
				GCC_NO_COMMON_BLOCKS = YES;
				GCC_OPTIMIZATION_LEVEL = 0;
				GCC_PREPROCESSOR_DEFINITIONS = (
					"DEBUG=1",
					"$(inherited)",
				);
				GCC_WARN_64_TO_32_BIT_CONVERSION = YES;
				GCC_WARN_ABOUT_RETURN_TYPE = YES_ERROR;
				GCC_WARN_UNDECLARED_SELECTOR = YES;
				GCC_WARN_UNINITIALIZED_AUTOS = YES_AGGRESSIVE;
				GCC_WARN_UNUSED_FUNCTION = YES;
				GCC_WARN_UNUSED_VARIABLE = YES;
				IPHONEOS_DEPLOYMENT_TARGET = 18.0;
				LOCALIZATION_PREFERS_STRING_CATALOGS = YES;
				MTL_ENABLE_DEBUG_INFO = INCLUDE_SOURCE;
				MTL_FAST_MATH = YES;
				ONLY_ACTIVE_ARCH = YES;
				SDKROOT = iphoneos;
				SWIFT_ACTIVE_COMPILATION_CONDITIONS = "DEBUG $(inherited)";
				SWIFT_OPTIMIZATION_LEVEL = "-Onone";
			};
			name = Debug;
		};
		A33AB0DF2CBF57490006A980 /* Release */ = {
			isa = XCBuildConfiguration;
			buildSettings = {
				ALWAYS_SEARCH_USER_PATHS = NO;
				ASSETCATALOG_COMPILER_GENERATE_SWIFT_ASSET_SYMBOL_EXTENSIONS = YES;
				CLANG_ANALYZER_NONNULL = YES;
				CLANG_ANALYZER_NUMBER_OBJECT_CONVERSION = YES_AGGRESSIVE;
				CLANG_CXX_LANGUAGE_STANDARD = "gnu++20";
				CLANG_ENABLE_MODULES = YES;
				CLANG_ENABLE_OBJC_ARC = YES;
				CLANG_ENABLE_OBJC_WEAK = YES;
				CLANG_WARN_BLOCK_CAPTURE_AUTORELEASING = YES;
				CLANG_WARN_BOOL_CONVERSION = YES;
				CLANG_WARN_COMMA = YES;
				CLANG_WARN_CONSTANT_CONVERSION = YES;
				CLANG_WARN_DEPRECATED_OBJC_IMPLEMENTATIONS = YES;
				CLANG_WARN_DIRECT_OBJC_ISA_USAGE = YES_ERROR;
				CLANG_WARN_DOCUMENTATION_COMMENTS = YES;
				CLANG_WARN_EMPTY_BODY = YES;
				CLANG_WARN_ENUM_CONVERSION = YES;
				CLANG_WARN_INFINITE_RECURSION = YES;
				CLANG_WARN_INT_CONVERSION = YES;
				CLANG_WARN_NON_LITERAL_NULL_CONVERSION = YES;
				CLANG_WARN_OBJC_IMPLICIT_RETAIN_SELF = YES;
				CLANG_WARN_OBJC_LITERAL_CONVERSION = YES;
				CLANG_WARN_OBJC_ROOT_CLASS = YES_ERROR;
				CLANG_WARN_QUOTED_INCLUDE_IN_FRAMEWORK_HEADER = YES;
				CLANG_WARN_RANGE_LOOP_ANALYSIS = YES;
				CLANG_WARN_STRICT_PROTOTYPES = YES;
				CLANG_WARN_SUSPICIOUS_MOVE = YES;
				CLANG_WARN_UNGUARDED_AVAILABILITY = YES_AGGRESSIVE;
				CLANG_WARN_UNREACHABLE_CODE = YES;
				CLANG_WARN__DUPLICATE_METHOD_MATCH = YES;
				COPY_PHASE_STRIP = NO;
				DEBUG_INFORMATION_FORMAT = "dwarf-with-dsym";
				ENABLE_NS_ASSERTIONS = NO;
				ENABLE_STRICT_OBJC_MSGSEND = YES;
				ENABLE_USER_SCRIPT_SANDBOXING = YES;
				GCC_C_LANGUAGE_STANDARD = gnu17;
				GCC_NO_COMMON_BLOCKS = YES;
				GCC_WARN_64_TO_32_BIT_CONVERSION = YES;
				GCC_WARN_ABOUT_RETURN_TYPE = YES_ERROR;
				GCC_WARN_UNDECLARED_SELECTOR = YES;
				GCC_WARN_UNINITIALIZED_AUTOS = YES_AGGRESSIVE;
				GCC_WARN_UNUSED_FUNCTION = YES;
				GCC_WARN_UNUSED_VARIABLE = YES;
				IPHONEOS_DEPLOYMENT_TARGET = 18.0;
				LOCALIZATION_PREFERS_STRING_CATALOGS = YES;
				MTL_ENABLE_DEBUG_INFO = NO;
				MTL_FAST_MATH = YES;
				SDKROOT = iphoneos;
				SWIFT_COMPILATION_MODE = wholemodule;
				VALIDATE_PRODUCT = YES;
			};
			name = Release;
		};
		A33AB0E12CBF57490006A980 /* Debug */ = {
			isa = XCBuildConfiguration;
			baseConfigurationReference = 343E1422E7CE004A05A984C3 /* Pods-CocoaMQTTApp.debug.xcconfig */;
			buildSettings = {
				ASSETCATALOG_COMPILER_APPICON_NAME = AppIcon;
				ASSETCATALOG_COMPILER_GLOBAL_ACCENT_COLOR_NAME = AccentColor;
				CODE_SIGN_STYLE = Automatic;
				CURRENT_PROJECT_VERSION = 1;
				DEVELOPMENT_ASSET_PATHS = "\"CocoaMQTTApp/Preview Content\"";
				DEVELOPMENT_TEAM = SCA6TZJEGK;
				ENABLE_PREVIEWS = YES;
				ENABLE_USER_SCRIPT_SANDBOXING = NO;
				GENERATE_INFOPLIST_FILE = YES;
				INFOPLIST_FILE = CocoaMQTTApp/Info.plist;
				INFOPLIST_KEY_UIApplicationSceneManifest_Generation = YES;
				INFOPLIST_KEY_UIApplicationSupportsIndirectInputEvents = YES;
				INFOPLIST_KEY_UILaunchScreen_Generation = YES;
				INFOPLIST_KEY_UISupportedInterfaceOrientations_iPad = "UIInterfaceOrientationPortrait UIInterfaceOrientationPortraitUpsideDown UIInterfaceOrientationLandscapeLeft UIInterfaceOrientationLandscapeRight";
				INFOPLIST_KEY_UISupportedInterfaceOrientations_iPhone = "UIInterfaceOrientationPortrait UIInterfaceOrientationLandscapeLeft UIInterfaceOrientationLandscapeRight";
				IPHONEOS_DEPLOYMENT_TARGET = 15.6;
				LD_RUNPATH_SEARCH_PATHS = (
					"$(inherited)",
					"@executable_path/Frameworks",
				);
				MARKETING_VERSION = 1.0;
				PRODUCT_BUNDLE_IDENTIFIER = org.mikebush.CocoaMQTTApp;
				PRODUCT_NAME = "$(TARGET_NAME)";
				SWIFT_EMIT_LOC_STRINGS = YES;
				SWIFT_VERSION = 5.0;
				TARGETED_DEVICE_FAMILY = "1,2";
			};
			name = Debug;
		};
		A33AB0E22CBF57490006A980 /* Release */ = {
			isa = XCBuildConfiguration;
			baseConfigurationReference = 1E750EB9667ABB3F15FF7119 /* Pods-CocoaMQTTApp.release.xcconfig */;
			buildSettings = {
				ASSETCATALOG_COMPILER_APPICON_NAME = AppIcon;
				ASSETCATALOG_COMPILER_GLOBAL_ACCENT_COLOR_NAME = AccentColor;
				CODE_SIGN_STYLE = Automatic;
				CURRENT_PROJECT_VERSION = 1;
				DEVELOPMENT_ASSET_PATHS = "\"CocoaMQTTApp/Preview Content\"";
				DEVELOPMENT_TEAM = SCA6TZJEGK;
				ENABLE_PREVIEWS = YES;
				ENABLE_USER_SCRIPT_SANDBOXING = NO;
				GENERATE_INFOPLIST_FILE = YES;
				INFOPLIST_FILE = CocoaMQTTApp/Info.plist;
				INFOPLIST_KEY_UIApplicationSceneManifest_Generation = YES;
				INFOPLIST_KEY_UIApplicationSupportsIndirectInputEvents = YES;
				INFOPLIST_KEY_UILaunchScreen_Generation = YES;
				INFOPLIST_KEY_UISupportedInterfaceOrientations_iPad = "UIInterfaceOrientationPortrait UIInterfaceOrientationPortraitUpsideDown UIInterfaceOrientationLandscapeLeft UIInterfaceOrientationLandscapeRight";
				INFOPLIST_KEY_UISupportedInterfaceOrientations_iPhone = "UIInterfaceOrientationPortrait UIInterfaceOrientationLandscapeLeft UIInterfaceOrientationLandscapeRight";
				IPHONEOS_DEPLOYMENT_TARGET = 15.6;
				LD_RUNPATH_SEARCH_PATHS = (
					"$(inherited)",
					"@executable_path/Frameworks",
				);
				MARKETING_VERSION = 1.0;
				PRODUCT_BUNDLE_IDENTIFIER = org.mikebush.CocoaMQTTApp;
				PRODUCT_NAME = "$(TARGET_NAME)";
				SWIFT_EMIT_LOC_STRINGS = YES;
				SWIFT_VERSION = 5.0;
				TARGETED_DEVICE_FAMILY = "1,2";
			};
			name = Release;
		};
/* End XCBuildConfiguration section */

/* Begin XCConfigurationList section */
		A33AB0CD2CBF57470006A980 /* Build configuration list for PBXProject "CocoaMQTTApp" */ = {
			isa = XCConfigurationList;
			buildConfigurations = (
				A33AB0DE2CBF57490006A980 /* Debug */,
				A33AB0DF2CBF57490006A980 /* Release */,
			);
			defaultConfigurationIsVisible = 0;
			defaultConfigurationName = Release;
		};
		A33AB0E02CBF57490006A980 /* Build configuration list for PBXNativeTarget "CocoaMQTTApp" */ = {
			isa = XCConfigurationList;
			buildConfigurations = (
				A33AB0E12CBF57490006A980 /* Debug */,
				A33AB0E22CBF57490006A980 /* Release */,
			);
			defaultConfigurationIsVisible = 0;
			defaultConfigurationName = Release;
		};
/* End XCConfigurationList section */
	};
	rootObject = A33AB0CA2CBF57470006A980 /* Project object */;
}
